
Microsoft Visual Studio Solution File, Format Version 12.00
# Visual Studio Version 16
VisualStudioVersion = 16.0.29806.167
MinimumVisualStudioVersion = 10.0.40219.1
Project("{FAE04EC0-301F-11D3-BF4B-00C04F79EFBC}") = "A3DIMS", "A3DIMS\A3DIMS.csproj", "{F0DFDC14-3E4F-47B3-9C72-456974304EFA}"
	ProjectSection(ProjectDependencies) = postProject
		{969E1B48-7D09-49A6-9C28-B7674FF60118} = {969E1B48-7D09-49A6-9C28-B7674FF60118}
		{8196EAE4-BD6C-4649-A8B1-1C597F2D5B67} = {8196EAE4-BD6C-4649-A8B1-1C597F2D5B67}
	EndProjectSection
EndProject
Project("{FAE04EC0-301F-11D3-BF4B-00C04F79EFBC}") = "A3DSQLServices", "A3DSQLServices\A3DSQLServices.csproj", "{969E1B48-7D09-49A6-9C28-B7674FF60118}"
EndProject
Project("{FAE04EC0-301F-11D3-BF4B-00C04F79EFBC}") = "A3DLicense", "A3DLicense\A3DLicense.csproj", "{8196EAE4-BD6C-4649-A8B1-1C597F2D5B67}"
EndProject
Project("{00D1A9C2-B5F0-4AF3-8072-F6C62B433612}") = "A3DIMSDataBase", "A3DIMSDataBase\A3DIMSDataBase.sqlproj", "{A4C71937-AAC1-4E6B-905D-49147D1961FE}"
EndProject
Global
	GlobalSection(SolutionConfigurationPlatforms) = preSolution
		Debug|Any CPU = Debug|Any CPU
		Release|Any CPU = Release|Any CPU
	EndGlobalSection
	GlobalSection(ProjectConfigurationPlatforms) = postSolution
		{F0DFDC14-3E4F-47B3-9C72-456974304EFA}.Debug|Any CPU.ActiveCfg = Debug|Any CPU
		{F0DFDC14-3E4F-47B3-9C72-456974304EFA}.Debug|Any CPU.Build.0 = Debug|Any CPU
		{F0DFDC14-3E4F-47B3-9C72-456974304EFA}.Release|Any CPU.ActiveCfg = Release|Any CPU
		{F0DFDC14-3E4F-47B3-9C72-456974304EFA}.Release|Any CPU.Build.0 = Release|Any CPU
		{969E1B48-7D09-49A6-9C28-B7674FF60118}.Debug|Any CPU.ActiveCfg = Debug|Any CPU
		{969E1B48-7D09-49A6-9C28-B7674FF60118}.Debug|Any CPU.Build.0 = Debug|Any CPU
		{969E1B48-7D09-49A6-9C28-B7674FF60118}.Release|Any CPU.ActiveCfg = Release|Any CPU
		{969E1B48-7D09-49A6-9C28-B7674FF60118}.Release|Any CPU.Build.0 = Release|Any CPU
		{8196EAE4-BD6C-4649-A8B1-1C597F2D5B67}.Debug|Any CPU.ActiveCfg = Debug|Any CPU
		{8196EAE4-BD6C-4649-A8B1-1C597F2D5B67}.Debug|Any CPU.Build.0 = Debug|Any CPU
		{8196EAE4-BD6C-4649-A8B1-1C597F2D5B67}.Release|Any CPU.ActiveCfg = Release|Any CPU
		{8196EAE4-BD6C-4649-A8B1-1C597F2D5B67}.Release|Any CPU.Build.0 = Release|Any CPU
		{A4C71937-AAC1-4E6B-905D-49147D1961FE}.Debug|Any CPU.ActiveCfg = Debug|Any CPU
		{A4C71937-AAC1-4E6B-905D-49147D1961FE}.Debug|Any CPU.Build.0 = Debug|Any CPU
		{A4C71937-AAC1-4E6B-905D-49147D1961FE}.Debug|Any CPU.Deploy.0 = Debug|Any CPU
		{A4C71937-AAC1-4E6B-905D-49147D1961FE}.Release|Any CPU.ActiveCfg = Release|Any CPU
		{A4C71937-AAC1-4E6B-905D-49147D1961FE}.Release|Any CPU.Build.0 = Release|Any CPU
		{A4C71937-AAC1-4E6B-905D-49147D1961FE}.Release|Any CPU.Deploy.0 = Release|Any CPU
	EndGlobalSection
	GlobalSection(SolutionProperties) = preSolution
		HideSolutionNode = FALSE
	EndGlobalSection
	GlobalSection(ExtensibilityGlobals) = postSolution
		SolutionGuid = {4D663AE9-588C-4463-A899-CAD2A531D940}
	EndGlobalSection
EndGlobal
